lockfileVersion: '6.0'

settings:
  autoInstallPeers: true
  excludeLinksFromLockfile: false

devDependencies:
  husky:
    specifier: ^8.0.3
    version: 8.0.3
  postcss-nesting:
    specifier: ^12.0.2
    version: 12.0.2(postcss@8.4.33)

packages:

  /@csstools/selector-specificity@3.0.1(postcss-selector-parser@6.0.15):
    resolution: {integrity: sha512-NPljRHkq4a14YzZ3YD406uaxh7s0g6eAq3L9aLOWywoqe8PkYamAvtsh7KNX6c++ihDrJ0RiU+/z7rGnhlZ5ww==}
    engines: {node: ^14 || ^16 || >=18}
    peerDependencies:
      postcss-selector-parser: ^6.0.13
    dependencies:
      postcss-selector-parser: 6.0.15
    dev: true

  /cssesc@3.0.0:
    resolution: {integrity: sha512-/Tb/JcjK111nNScGob5MNtsntNM1aCNUDipB/TkwZFhyDrrE47SOx/18wF2bbjgc3ZzCSKW1T5nt5EbFoAz/Vg==}
    engines: {node: '>=4'}
    hasBin: true
    dev: true

  /husky@8.0.3:
    resolution: {integrity: sha512-+dQSyqPh4x1hlO1swXBiNb2HzTDN1I2IGLQx1GrBuiqFJfoMrnZWwVmatvSiO+Iz8fBUnf+lekwNo4c2LlXItg==}
    engines: {node: '>=14'}
    hasBin: true
    dev: true

  /nanoid@3.3.7:
    resolution: {integrity: sha512-eSRppjcPIatRIMC1U6UngP8XFcz8MQWGQdt1MTBQ7NaAmvXDfvNxbvWV3x2y6CdEUciCSsDHDQZbhYaB8QEo2g==}
    engines: {node: ^10 || ^12 || ^13.7 || ^14 || >=15.0.1}
    hasBin: true
    dev: true

  /picocolors@1.0.0:
    resolution: {integrity: sha512-1fygroTLlHu66zi26VoTDv8yRgm0Fccecssto+MhsZ0D/DGW2sm8E8AjW7NU5VVTRt5GxbeZ5qBuJr+HyLYkjQ==}
    dev: true

  /postcss-nesting@12.0.2(postcss@8.4.33):
    resolution: {integrity: sha512-63PpJHSeNs93S3ZUIyi+7kKx4JqOIEJ6QYtG3x+0qA4J03+4n0iwsyA1GAHyWxsHYljQS4/4ZK1o2sMi70b5wQ==}
    engines: {node: ^14 || ^16 || >=18}
    peerDependencies:
      postcss: ^8.4
    dependencies:
      '@csstools/selector-specificity': 3.0.1(postcss-selector-parser@6.0.15)
      postcss: 8.4.33
      postcss-selector-parser: 6.0.15
    dev: true

  /postcss-selector-parser@6.0.15:
    resolution: {integrity: sha512-rEYkQOMUCEMhsKbK66tbEU9QVIxbhN18YiniAwA7XQYTVBqrBy+P2p5JcdqsHgKM2zWylp8d7J6eszocfds5Sw==}
    engines: {node: '>=4'}
    dependencies:
      cssesc: 3.0.0
      util-deprecate: 1.0.2
    dev: true

  /postcss@8.4.33:
    resolution: {integrity: sha512-Kkpbhhdjw2qQs2O2DGX+8m5OVqEcbB9HRBvuYM9pgrjEFUg30A9LmXNlTAUj4S9kgtGyrMbTzVjH7E+s5Re2yg==}
    engines: {node: ^10 || ^12 || >=14}
    dependencies:
      nanoid: 3.3.7
      picocolors: 1.0.0
      source-map-js: 1.0.2
    dev: true

  /source-map-js@1.0.2:
    resolution: {integrity: sha512-R0XvVJ9WusLiqTCEiGCmICCMplcCkIwwR11mOSD9CR5u+IXYdiseeEuXCVAjS54zqwkLcPNnmU4OeJ6tUrWhDw==}
    engines: {node: '>=0.10.0'}
    dev: true

  /util-deprecate@1.0.2:
    resolution: {integrity: sha512-EPD5q1uXyFxJpCrLnCc1nHnq3gOa6DZBocAIiI2TaSCA7VCJ1UJDMagCzIkXNsUYfD1daK//LTEQ8xiIbrHtcw==}
    dev: true
